
Microsoft Visual Studio Solution File, Format Version 12.00
# Visual Studio Express 2012 for Windows Desktop
Project("{8BC9CEB8-8B4A-11D0-8D11-00A0C91BC942}") = "Kurve3D prototype", "Kurve3D prototype\Kurve3D prototype.vcxproj", "{C6DB1E19-9EEA-44AA-B690-C78530A2EA76}"
EndProject
Project("{8BC9CEB8-8B4A-11D0-8D11-00A0C91BC942}") = "IrrlichtDemo", "..\..\..\..\..\..\projekti-temp\kurve3d\DependentExtensions\IrrlichtDemo\IrrlichtDemo.v8.vcxproj", "{DEDB9D76-00E6-4230-8612-0B5AC0F3D5E8}"
EndProject
Global
	GlobalSection(SolutionConfigurationPlatforms) = preSolution
		Debug|Win32 = Debug|Win32
		Release|Win32 = Release|Win32
	EndGlobalSection
	GlobalSection(ProjectConfigurationPlatforms) = postSolution
		{C6DB1E19-9EEA-44AA-B690-C78530A2EA76}.Debug|Win32.ActiveCfg = Debug|Win32
		{C6DB1E19-9EEA-44AA-B690-C78530A2EA76}.Debug|Win32.Build.0 = Debug|Win32
		{C6DB1E19-9EEA-44AA-B690-C78530A2EA76}.Release|Win32.ActiveCfg = Release|Win32
		{C6DB1E19-9EEA-44AA-B690-C78530A2EA76}.Release|Win32.Build.0 = Release|Win32
		{DEDB9D76-00E6-4230-8612-0B5AC0F3D5E8}.Debug|Win32.ActiveCfg = Debug|Win32
		{DEDB9D76-00E6-4230-8612-0B5AC0F3D5E8}.Debug|Win32.Build.0 = Debug|Win32
		{DEDB9D76-00E6-4230-8612-0B5AC0F3D5E8}.Release|Win32.ActiveCfg = Release|Win32
		{DEDB9D76-00E6-4230-8612-0B5AC0F3D5E8}.Release|Win32.Build.0 = Release|Win32
	EndGlobalSection
	GlobalSection(SolutionProperties) = preSolution
		HideSolutionNode = FALSE
	EndGlobalSection
EndGlobal
